
Microsoft Visual Studio Solution File, Format Version 12.00
# Visual Studio Version 16
VisualStudioVersion = 16.0.32228.343
MinimumVisualStudioVersion = 10.0.40219.1
Project("{FAE04EC0-301F-11D3-BF4B-00C04F79EFBC}") = "CommandPattern-Stock", "CommandPattern-Stock\CommandPattern-Stock.csproj", "{24A5D746-4379-46A5-8AA8-26D23A7537C3}"
EndProject
Global
	GlobalSection(SolutionConfigurationPlatforms) = preSolution
		Debug|Any CPU = Debug|Any CPU
		Release|Any CPU = Release|Any CPU
	EndGlobalSection
	GlobalSection(ProjectConfigurationPlatforms) = postSolution
		{24A5D746-4379-46A5-8AA8-26D23A7537C3}.Debug|Any CPU.ActiveCfg = Debug|Any CPU
		{24A5D746-4379-46A5-8AA8-26D23A7537C3}.Debug|Any CPU.Build.0 = Debug|Any CPU
		{24A5D746-4379-46A5-8AA8-26D23A7537C3}.Release|Any CPU.ActiveCfg = Release|Any CPU
		{24A5D746-4379-46A5-8AA8-26D23A7537C3}.Release|Any CPU.Build.0 = Release|Any CPU
	EndGlobalSection
	GlobalSection(SolutionProperties) = preSolution
		HideSolutionNode = FALSE
	EndGlobalSection
	GlobalSection(ExtensibilityGlobals) = postSolution
		SolutionGuid = {E27B5176-F14A-46BE-A045-3C1886185909}
	EndGlobalSection
EndGlobal
